# This file is automatically @generated by Wally.
# It is not intended for manual editing.
registry = "test"

[[package]]
name = "centau/vide"
version = "0.4.1"
dependencies = []

[[package]]
name = "pepeeltoro41/ui-labs"
version = "2.4.2"
dependencies = []

[[package]]
name = "starter/starter-game"
version = "0.1.0"
dependencies = [["UILabs", "pepeeltoro41/ui-labs@2.4.2"], ["Vide", "centau/vide@0.4.1"]]
